
Microsoft Visual Studio Solution File, Format Version 12.00
# Visual Studio Version 16
VisualStudioVersion = 16.0.28714.193
MinimumVisualStudioVersion = 10.0.40219.1
Project("{9A19103F-16F7-4668-BE54-9A1E7A4F7556}") = "Day1", "Day1\Day1.csproj", "{A315BEF6-E85C-4A9A-BE73-0B65E2C2E9D7}"
EndProject
Project("{9A19103F-16F7-4668-BE54-9A1E7A4F7556}") = "ElvenTools", "ElvenTools\ElvenTools.csproj", "{79B28B0F-0BDB-4B71-AE7F-ADCF541CEC40}"
EndProject
Project("{9A19103F-16F7-4668-BE54-9A1E7A4F7556}") = "Day2", "Day2\Day2.csproj", "{A946CAED-4534-4002-849A-0302F906C7E1}"
EndProject
Project("{9A19103F-16F7-4668-BE54-9A1E7A4F7556}") = "Day3", "Day3\Day3.csproj", "{268B55DF-846D-4405-B5C6-A3BE464091B8}"
EndProject
Project("{9A19103F-16F7-4668-BE54-9A1E7A4F7556}") = "Day4", "Day4\Day4.csproj", "{32A04AFA-A94F-440F-B30C-92394381165E}"
EndProject
Project("{9A19103F-16F7-4668-BE54-9A1E7A4F7556}") = "SolverExecutor", "SolverExecutor\SolverExecutor.csproj", "{A9D31507-99F7-48C2-968D-6C0353661764}"
EndProject
Project("{9A19103F-16F7-4668-BE54-9A1E7A4F7556}") = "Day5", "Day5\Day5.csproj", "{F08EA6AB-2958-4129-8964-504968ADA6E1}"
EndProject
Project("{9A19103F-16F7-4668-BE54-9A1E7A4F7556}") = "Day6", "Day6\Day6.csproj", "{7644352E-80FC-4807-95F3-0127E120F96A}"
EndProject
Project("{9A19103F-16F7-4668-BE54-9A1E7A4F7556}") = "Day7", "Day7\Day7.csproj", "{31192ABD-8A33-4FA3-8E82-59DE4C7CBB4D}"
EndProject
Project("{9A19103F-16F7-4668-BE54-9A1E7A4F7556}") = "Day8", "Day8\Day8.csproj", "{E2E5F38C-9165-4B8B-8F8E-60EE3A79C405}"
EndProject
Project("{9A19103F-16F7-4668-BE54-9A1E7A4F7556}") = "Day9", "Day9\Day9.csproj", "{947C7F69-D508-4060-AC09-35308E25F81F}"
EndProject
Project("{9A19103F-16F7-4668-BE54-9A1E7A4F7556}") = "Day10", "Day10\Day10.csproj", "{113D6620-6A2C-4869-9B7C-AF8E481A171A}"
EndProject
Project("{9A19103F-16F7-4668-BE54-9A1E7A4F7556}") = "Day11", "Day11\Day11.csproj", "{C9CB506F-AA28-40A0-AAFD-55C5746A54EA}"
EndProject
Project("{9A19103F-16F7-4668-BE54-9A1E7A4F7556}") = "Day12", "Day12\Day12.csproj", "{BA3BF13C-448F-4D2A-A5CB-689F5558989B}"
EndProject
Project("{9A19103F-16F7-4668-BE54-9A1E7A4F7556}") = "Day13", "Day13\Day13.csproj", "{BEF0E142-8806-44EE-815C-44FAE9C7FF4E}"
EndProject
Project("{9A19103F-16F7-4668-BE54-9A1E7A4F7556}") = "Day14", "Day14\Day14.csproj", "{1719838F-D384-46B3-86BD-383827DDFA66}"
EndProject
Project("{9A19103F-16F7-4668-BE54-9A1E7A4F7556}") = "Day15", "Day15\Day15.csproj", "{B5178330-A8EA-4B77-904B-F68915479FCE}"
EndProject
Project("{9A19103F-16F7-4668-BE54-9A1E7A4F7556}") = "Day16", "Day16\Day16.csproj", "{CFDD761D-8303-4CA4-B850-E29EF41053D3}"
EndProject
Project("{FAE04EC0-301F-11D3-BF4B-00C04F79EFBC}") = "Day17", "Day17\Day17.csproj", "{768EA6B5-14E8-4DC6-B92D-335FA70948BD}"
EndProject
Project("{FAE04EC0-301F-11D3-BF4B-00C04F79EFBC}") = "Day18", "Day18\Day18.csproj", "{AD5E71A2-3489-4555-8A12-A83ECF3C300F}"
EndProject
Global
	GlobalSection(SolutionConfigurationPlatforms) = preSolution
		Debug|Any CPU = Debug|Any CPU
		Release|Any CPU = Release|Any CPU
	EndGlobalSection
	GlobalSection(ProjectConfigurationPlatforms) = postSolution
		{A315BEF6-E85C-4A9A-BE73-0B65E2C2E9D7}.Debug|Any CPU.ActiveCfg = Debug|Any CPU
		{A315BEF6-E85C-4A9A-BE73-0B65E2C2E9D7}.Debug|Any CPU.Build.0 = Debug|Any CPU
		{A315BEF6-E85C-4A9A-BE73-0B65E2C2E9D7}.Release|Any CPU.ActiveCfg = Release|Any CPU
		{A315BEF6-E85C-4A9A-BE73-0B65E2C2E9D7}.Release|Any CPU.Build.0 = Release|Any CPU
		{79B28B0F-0BDB-4B71-AE7F-ADCF541CEC40}.Debug|Any CPU.ActiveCfg = Debug|Any CPU
		{79B28B0F-0BDB-4B71-AE7F-ADCF541CEC40}.Debug|Any CPU.Build.0 = Debug|Any CPU
		{79B28B0F-0BDB-4B71-AE7F-ADCF541CEC40}.Release|Any CPU.ActiveCfg = Release|Any CPU
		{79B28B0F-0BDB-4B71-AE7F-ADCF541CEC40}.Release|Any CPU.Build.0 = Release|Any CPU
		{A946CAED-4534-4002-849A-0302F906C7E1}.Debug|Any CPU.ActiveCfg = Debug|Any CPU
		{A946CAED-4534-4002-849A-0302F906C7E1}.Debug|Any CPU.Build.0 = Debug|Any CPU
		{A946CAED-4534-4002-849A-0302F906C7E1}.Release|Any CPU.ActiveCfg = Release|Any CPU
		{A946CAED-4534-4002-849A-0302F906C7E1}.Release|Any CPU.Build.0 = Release|Any CPU
		{268B55DF-846D-4405-B5C6-A3BE464091B8}.Debug|Any CPU.ActiveCfg = Debug|Any CPU
		{268B55DF-846D-4405-B5C6-A3BE464091B8}.Debug|Any CPU.Build.0 = Debug|Any CPU
		{268B55DF-846D-4405-B5C6-A3BE464091B8}.Release|Any CPU.ActiveCfg = Release|Any CPU
		{268B55DF-846D-4405-B5C6-A3BE464091B8}.Release|Any CPU.Build.0 = Release|Any CPU
		{32A04AFA-A94F-440F-B30C-92394381165E}.Debug|Any CPU.ActiveCfg = Debug|Any CPU
		{32A04AFA-A94F-440F-B30C-92394381165E}.Debug|Any CPU.Build.0 = Debug|Any CPU
		{32A04AFA-A94F-440F-B30C-92394381165E}.Release|Any CPU.ActiveCfg = Release|Any CPU
		{32A04AFA-A94F-440F-B30C-92394381165E}.Release|Any CPU.Build.0 = Release|Any CPU
		{A9D31507-99F7-48C2-968D-6C0353661764}.Debug|Any CPU.ActiveCfg = Debug|Any CPU
		{A9D31507-99F7-48C2-968D-6C0353661764}.Debug|Any CPU.Build.0 = Debug|Any CPU
		{A9D31507-99F7-48C2-968D-6C0353661764}.Release|Any CPU.ActiveCfg = Release|Any CPU
		{A9D31507-99F7-48C2-968D-6C0353661764}.Release|Any CPU.Build.0 = Release|Any CPU
		{F08EA6AB-2958-4129-8964-504968ADA6E1}.Debug|Any CPU.ActiveCfg = Debug|Any CPU
		{F08EA6AB-2958-4129-8964-504968ADA6E1}.Debug|Any CPU.Build.0 = Debug|Any CPU
		{F08EA6AB-2958-4129-8964-504968ADA6E1}.Release|Any CPU.ActiveCfg = Release|Any CPU
		{F08EA6AB-2958-4129-8964-504968ADA6E1}.Release|Any CPU.Build.0 = Release|Any CPU
		{7644352E-80FC-4807-95F3-0127E120F96A}.Debug|Any CPU.ActiveCfg = Debug|Any CPU
		{7644352E-80FC-4807-95F3-0127E120F96A}.Debug|Any CPU.Build.0 = Debug|Any CPU
		{7644352E-80FC-4807-95F3-0127E120F96A}.Release|Any CPU.ActiveCfg = Release|Any CPU
		{7644352E-80FC-4807-95F3-0127E120F96A}.Release|Any CPU.Build.0 = Release|Any CPU
		{31192ABD-8A33-4FA3-8E82-59DE4C7CBB4D}.Debug|Any CPU.ActiveCfg = Debug|Any CPU
		{31192ABD-8A33-4FA3-8E82-59DE4C7CBB4D}.Debug|Any CPU.Build.0 = Debug|Any CPU
		{31192ABD-8A33-4FA3-8E82-59DE4C7CBB4D}.Release|Any CPU.ActiveCfg = Release|Any CPU
		{31192ABD-8A33-4FA3-8E82-59DE4C7CBB4D}.Release|Any CPU.Build.0 = Release|Any CPU
		{E2E5F38C-9165-4B8B-8F8E-60EE3A79C405}.Debug|Any CPU.ActiveCfg = Debug|Any CPU
		{E2E5F38C-9165-4B8B-8F8E-60EE3A79C405}.Debug|Any CPU.Build.0 = Debug|Any CPU
		{E2E5F38C-9165-4B8B-8F8E-60EE3A79C405}.Release|Any CPU.ActiveCfg = Release|Any CPU
		{E2E5F38C-9165-4B8B-8F8E-60EE3A79C405}.Release|Any CPU.Build.0 = Release|Any CPU
		{947C7F69-D508-4060-AC09-35308E25F81F}.Debug|Any CPU.ActiveCfg = Debug|Any CPU
		{947C7F69-D508-4060-AC09-35308E25F81F}.Debug|Any CPU.Build.0 = Debug|Any CPU
		{947C7F69-D508-4060-AC09-35308E25F81F}.Release|Any CPU.ActiveCfg = Release|Any CPU
		{947C7F69-D508-4060-AC09-35308E25F81F}.Release|Any CPU.Build.0 = Release|Any CPU
		{113D6620-6A2C-4869-9B7C-AF8E481A171A}.Debug|Any CPU.ActiveCfg = Debug|Any CPU
		{113D6620-6A2C-4869-9B7C-AF8E481A171A}.Debug|Any CPU.Build.0 = Debug|Any CPU
		{113D6620-6A2C-4869-9B7C-AF8E481A171A}.Release|Any CPU.ActiveCfg = Release|Any CPU
		{113D6620-6A2C-4869-9B7C-AF8E481A171A}.Release|Any CPU.Build.0 = Release|Any CPU
		{C9CB506F-AA28-40A0-AAFD-55C5746A54EA}.Debug|Any CPU.ActiveCfg = Debug|Any CPU
		{C9CB506F-AA28-40A0-AAFD-55C5746A54EA}.Debug|Any CPU.Build.0 = Debug|Any CPU
		{C9CB506F-AA28-40A0-AAFD-55C5746A54EA}.Release|Any CPU.ActiveCfg = Release|Any CPU
		{C9CB506F-AA28-40A0-AAFD-55C5746A54EA}.Release|Any CPU.Build.0 = Release|Any CPU
		{BA3BF13C-448F-4D2A-A5CB-689F5558989B}.Debug|Any CPU.ActiveCfg = Debug|Any CPU
		{BA3BF13C-448F-4D2A-A5CB-689F5558989B}.Debug|Any CPU.Build.0 = Debug|Any CPU
		{BA3BF13C-448F-4D2A-A5CB-689F5558989B}.Release|Any CPU.ActiveCfg = Release|Any CPU
		{BA3BF13C-448F-4D2A-A5CB-689F5558989B}.Release|Any CPU.Build.0 = Release|Any CPU
		{BEF0E142-8806-44EE-815C-44FAE9C7FF4E}.Debug|Any CPU.ActiveCfg = Debug|Any CPU
		{BEF0E142-8806-44EE-815C-44FAE9C7FF4E}.Debug|Any CPU.Build.0 = Debug|Any CPU
		{BEF0E142-8806-44EE-815C-44FAE9C7FF4E}.Release|Any CPU.ActiveCfg = Release|Any CPU
		{BEF0E142-8806-44EE-815C-44FAE9C7FF4E}.Release|Any CPU.Build.0 = Release|Any CPU
		{1719838F-D384-46B3-86BD-383827DDFA66}.Debug|Any CPU.ActiveCfg = Debug|Any CPU
		{1719838F-D384-46B3-86BD-383827DDFA66}.Debug|Any CPU.Build.0 = Debug|Any CPU
		{1719838F-D384-46B3-86BD-383827DDFA66}.Release|Any CPU.ActiveCfg = Release|Any CPU
		{1719838F-D384-46B3-86BD-383827DDFA66}.Release|Any CPU.Build.0 = Release|Any CPU
		{B5178330-A8EA-4B77-904B-F68915479FCE}.Debug|Any CPU.ActiveCfg = Debug|Any CPU
		{B5178330-A8EA-4B77-904B-F68915479FCE}.Debug|Any CPU.Build.0 = Debug|Any CPU
		{B5178330-A8EA-4B77-904B-F68915479FCE}.Release|Any CPU.ActiveCfg = Release|Any CPU
		{B5178330-A8EA-4B77-904B-F68915479FCE}.Release|Any CPU.Build.0 = Release|Any CPU
		{CFDD761D-8303-4CA4-B850-E29EF41053D3}.Debug|Any CPU.ActiveCfg = Debug|Any CPU
		{CFDD761D-8303-4CA4-B850-E29EF41053D3}.Debug|Any CPU.Build.0 = Debug|Any CPU
		{CFDD761D-8303-4CA4-B850-E29EF41053D3}.Release|Any CPU.ActiveCfg = Release|Any CPU
		{CFDD761D-8303-4CA4-B850-E29EF41053D3}.Release|Any CPU.Build.0 = Release|Any CPU
		{768EA6B5-14E8-4DC6-B92D-335FA70948BD}.Debug|Any CPU.ActiveCfg = Debug|Any CPU
		{768EA6B5-14E8-4DC6-B92D-335FA70948BD}.Debug|Any CPU.Build.0 = Debug|Any CPU
		{768EA6B5-14E8-4DC6-B92D-335FA70948BD}.Release|Any CPU.ActiveCfg = Release|Any CPU
		{768EA6B5-14E8-4DC6-B92D-335FA70948BD}.Release|Any CPU.Build.0 = Release|Any CPU
		{AD5E71A2-3489-4555-8A12-A83ECF3C300F}.Debug|Any CPU.ActiveCfg = Debug|Any CPU
		{AD5E71A2-3489-4555-8A12-A83ECF3C300F}.Debug|Any CPU.Build.0 = Debug|Any CPU
		{AD5E71A2-3489-4555-8A12-A83ECF3C300F}.Release|Any CPU.ActiveCfg = Release|Any CPU
		{AD5E71A2-3489-4555-8A12-A83ECF3C300F}.Release|Any CPU.Build.0 = Release|Any CPU
	EndGlobalSection
	GlobalSection(SolutionProperties) = preSolution
		HideSolutionNode = FALSE
	EndGlobalSection
	GlobalSection(ExtensibilityGlobals) = postSolution
		SolutionGuid = {D07BA6BE-3252-4448-8C50-375EB534129F}
	EndGlobalSection
EndGlobal
